
Microsoft Visual Studio Solution File, Format Version 12.00
# Visual Studio Version 16
VisualStudioVersion = 16.0.30907.101
MinimumVisualStudioVersion = 10.0.40219.1
Project("{9A19103F-16F7-4668-BE54-9A1E7A4F7556}") = "IntrinsicsTests", "IntrinsicsTests\IntrinsicsTests.csproj", "{644EB8BE-51AE-4B9A-90F3-83F5336880BE}"
EndProject
Global
	GlobalSection(SolutionConfigurationPlatforms) = preSolution
		Debug|Any CPU = Debug|Any CPU
		Release|Any CPU = Release|Any CPU
	EndGlobalSection
	GlobalSection(ProjectConfigurationPlatforms) = postSolution
		{644EB8BE-51AE-4B9A-90F3-83F5336880BE}.Debug|Any CPU.ActiveCfg = Debug|Any CPU
		{644EB8BE-51AE-4B9A-90F3-83F5336880BE}.Debug|Any CPU.Build.0 = Debug|Any CPU
		{644EB8BE-51AE-4B9A-90F3-83F5336880BE}.Release|Any CPU.ActiveCfg = Release|Any CPU
		{644EB8BE-51AE-4B9A-90F3-83F5336880BE}.Release|Any CPU.Build.0 = Release|Any CPU
	EndGlobalSection
	GlobalSection(SolutionProperties) = preSolution
		HideSolutionNode = FALSE
	EndGlobalSection
	GlobalSection(ExtensibilityGlobals) = postSolution
		SolutionGuid = {641E7C9F-FDCA-43E5-A5A1-294A19F1859F}
	EndGlobalSection
EndGlobal
